// !$*UTF8*$!
{
	archiveVersion = 1;
	classes = {
	};
	objectVersion = 56;
	objects = {

/* Begin PBXBuildFile section */
		53182DBF83223CB43C870CFD /* Pods_UberSwift.framework in Frameworks */ = {isa = PBXBuildFile; fileRef = EB1C033A1E6452039D1CC030 /* Pods_UberSwift.framework */; };
		DF4439CF28F5D99D000066E1 /* AppDelegate.swift in Sources */ = {isa = PBXBuildFile; fileRef = DF4439CE28F5D99D000066E1 /* AppDelegate.swift */; };
		DF4439D128F5D99D000066E1 /* SceneDelegate.swift in Sources */ = {isa = PBXBuildFile; fileRef = DF4439D028F5D99D000066E1 /* SceneDelegate.swift */; };
		DF4439D828F5D99E000066E1 /* Assets.xcassets in Resources */ = {isa = PBXBuildFile; fileRef = DF4439D728F5D99E000066E1 /* Assets.xcassets */; };
		DF4439DB28F5D99E000066E1 /* LaunchScreen.storyboard in Resources */ = {isa = PBXBuildFile; fileRef = DF4439D928F5D99E000066E1 /* LaunchScreen.storyboard */; };
		DF4439E928F5D9EF000066E1 /* LoginViewController.swift in Sources */ = {isa = PBXBuildFile; fileRef = DF4439E828F5D9EF000066E1 /* LoginViewController.swift */; };
		DF4439EB28F5DBB6000066E1 /* Extensions.swift in Sources */ = {isa = PBXBuildFile; fileRef = DF4439EA28F5DBB6000066E1 /* Extensions.swift */; };
		DF6DC94128FFEF4500A2C073 /* DriverAnnotation.swift in Sources */ = {isa = PBXBuildFile; fileRef = DF6DC94028FFEF4500A2C073 /* DriverAnnotation.swift */; };
		DF74202028F727E700830057 /* AuthField.swift in Sources */ = {isa = PBXBuildFile; fileRef = DF74201F28F727E700830057 /* AuthField.swift */; };
		DF74202228F7318800830057 /* AuthButton.swift in Sources */ = {isa = PBXBuildFile; fileRef = DF74202128F7318800830057 /* AuthButton.swift */; };
		DF74202528F7367300830057 /* AuthViewModel.swift in Sources */ = {isa = PBXBuildFile; fileRef = DF74202428F7367300830057 /* AuthViewModel.swift */; };
		DF8717A528F95EAA00B32493 /* HomeViewController.swift in Sources */ = {isa = PBXBuildFile; fileRef = DF8717A428F95EAA00B32493 /* HomeViewController.swift */; };
		DF8B0BC728FDD1D7007FB066 /* LocationTableHeader.swift in Sources */ = {isa = PBXBuildFile; fileRef = DF8B0BC628FDD1D7007FB066 /* LocationTableHeader.swift */; };
		DFA5B2E228F6CE8D0024C92E /* RegisterViewController.swift in Sources */ = {isa = PBXBuildFile; fileRef = DFA5B2E128F6CE8D0024C92E /* RegisterViewController.swift */; };
		DFB2082728F826E50029158D /* GoogleService-Info.plist in Resources */ = {isa = PBXBuildFile; fileRef = DFB2082628F826E50029158D /* GoogleService-Info.plist */; };
		DFBD663228FF0DA000873D88 /* LocationHandler.swift in Sources */ = {isa = PBXBuildFile; fileRef = DFBD663128FF0DA000873D88 /* LocationHandler.swift */; };
		DFC2A0FC28FE96120001892A /* Service.swift in Sources */ = {isa = PBXBuildFile; fileRef = DFC2A0FB28FE96120001892A /* Service.swift */; };
		DFC2A0FE28FE9F670001892A /* User.swift in Sources */ = {isa = PBXBuildFile; fileRef = DFC2A0FD28FE9F670001892A /* User.swift */; };
		DFCA4D2D28FC186900164F72 /* LocationInputActivationView.swift in Sources */ = {isa = PBXBuildFile; fileRef = DFCA4D2C28FC186900164F72 /* LocationInputActivationView.swift */; };
		DFDFE7D028FDB64400E2B700 /* LocationTableViewCell.swift in Sources */ = {isa = PBXBuildFile; fileRef = DFDFE7CF28FDB64400E2B700 /* LocationTableViewCell.swift */; };
		DFE5CD6728FD4A280003357B /* LocationInputView.swift in Sources */ = {isa = PBXBuildFile; fileRef = DFE5CD6628FD4A280003357B /* LocationInputView.swift */; };
/* End PBXBuildFile section */

/* Begin PBXFileReference section */
		058F091EBC2A6FDE937C850E /* Pods-UberSwift.release.xcconfig */ = {isa = PBXFileReference; includeInIndex = 1; lastKnownFileType = text.xcconfig; name = "Pods-UberSwift.release.xcconfig"; path = "Target Support Files/Pods-UberSwift/Pods-UberSwift.release.xcconfig"; sourceTree = "<group>"; };
		D5277F2979D178B65714926B /* Pods-UberSwift.debug.xcconfig */ = {isa = PBXFileReference; includeInIndex = 1; lastKnownFileType = text.xcconfig; name = "Pods-UberSwift.debug.xcconfig"; path = "Target Support Files/Pods-UberSwift/Pods-UberSwift.debug.xcconfig"; sourceTree = "<group>"; };
		DF4439CB28F5D99D000066E1 /* UberSwift.app */ = {isa = PBXFileReference; explicitFileType = wrapper.application; includeInIndex = 0; path = UberSwift.app; sourceTree = BUILT_PRODUCTS_DIR; };
		DF4439CE28F5D99D000066E1 /* AppDelegate.swift */ = {isa = PBXFileReference; lastKnownFileType = sourcecode.swift; path = AppDelegate.swift; sourceTree = "<group>"; };
		DF4439D028F5D99D000066E1 /* SceneDelegate.swift */ = {isa = PBXFileReference; lastKnownFileType = sourcecode.swift; path = SceneDelegate.swift; sourceTree = "<group>"; };
		DF4439D728F5D99E000066E1 /* Assets.xcassets */ = {isa = PBXFileReference; lastKnownFileType = folder.assetcatalog; path = Assets.xcassets; sourceTree = "<group>"; };
		DF4439DA28F5D99E000066E1 /* Base */ = {isa = PBXFileReference; lastKnownFileType = file.storyboard; name = Base; path = Base.lproj/LaunchScreen.storyboard; sourceTree = "<group>"; };
		DF4439DC28F5D99E000066E1 /* Info.plist */ = {isa = PBXFileReference; lastKnownFileType = text.plist.xml; path = Info.plist; sourceTree = "<group>"; };
		DF4439E828F5D9EF000066E1 /* LoginViewController.swift */ = {isa = PBXFileReference; lastKnownFileType = sourcecode.swift; path = LoginViewController.swift; sourceTree = "<group>"; };
		DF4439EA28F5DBB6000066E1 /* Extensions.swift */ = {isa = PBXFileReference; lastKnownFileType = sourcecode.swift; path = Extensions.swift; sourceTree = "<group>"; };
		DF6DC94028FFEF4500A2C073 /* DriverAnnotation.swift */ = {isa = PBXFileReference; lastKnownFileType = sourcecode.swift; path = DriverAnnotation.swift; sourceTree = "<group>"; };
		DF74201F28F727E700830057 /* AuthField.swift */ = {isa = PBXFileReference; lastKnownFileType = sourcecode.swift; path = AuthField.swift; sourceTree = "<group>"; };
		DF74202128F7318800830057 /* AuthButton.swift */ = {isa = PBXFileReference; lastKnownFileType = sourcecode.swift; path = AuthButton.swift; sourceTree = "<group>"; };
		DF74202428F7367300830057 /* AuthViewModel.swift */ = {isa = PBXFileReference; lastKnownFileType = sourcecode.swift; path = AuthViewModel.swift; sourceTree = "<group>"; };
		DF8717A428F95EAA00B32493 /* HomeViewController.swift */ = {isa = PBXFileReference; lastKnownFileType = sourcecode.swift; path = HomeViewController.swift; sourceTree = "<group>"; };
		DF8B0BC628FDD1D7007FB066 /* LocationTableHeader.swift */ = {isa = PBXFileReference; lastKnownFileType = sourcecode.swift; path = LocationTableHeader.swift; sourceTree = "<group>"; };
		DFA5B2E128F6CE8D0024C92E /* RegisterViewController.swift */ = {isa = PBXFileReference; lastKnownFileType = sourcecode.swift; path = RegisterViewController.swift; sourceTree = "<group>"; };
		DFB2082628F826E50029158D /* GoogleService-Info.plist */ = {isa = PBXFileReference; fileEncoding = 4; lastKnownFileType = text.plist.xml; path = "GoogleService-Info.plist"; sourceTree = "<group>"; };
		DFBD663128FF0DA000873D88 /* LocationHandler.swift */ = {isa = PBXFileReference; lastKnownFileType = sourcecode.swift; path = LocationHandler.swift; sourceTree = "<group>"; };
		DFC2A0FB28FE96120001892A /* Service.swift */ = {isa = PBXFileReference; lastKnownFileType = sourcecode.swift; path = Service.swift; sourceTree = "<group>"; };
		DFC2A0FD28FE9F670001892A /* User.swift */ = {isa = PBXFileReference; lastKnownFileType = sourcecode.swift; path = User.swift; sourceTree = "<group>"; };
		DFCA4D2C28FC186900164F72 /* LocationInputActivationView.swift */ = {isa = PBXFileReference; lastKnownFileType = sourcecode.swift; path = LocationInputActivationView.swift; sourceTree = "<group>"; };
		DFDFE7CF28FDB64400E2B700 /* LocationTableViewCell.swift */ = {isa = PBXFileReference; lastKnownFileType = sourcecode.swift; path = LocationTableViewCell.swift; sourceTree = "<group>"; };
		DFE5CD6628FD4A280003357B /* LocationInputView.swift */ = {isa = PBXFileReference; lastKnownFileType = sourcecode.swift; path = LocationInputView.swift; sourceTree = "<group>"; };
		EB1C033A1E6452039D1CC030 /* Pods_UberSwift.framework */ = {isa = PBXFileReference; explicitFileType = wrapper.framework; includeInIndex = 0; path = Pods_UberSwift.framework; sourceTree = BUILT_PRODUCTS_DIR; };
/* End PBXFileReference section */

/* Begin PBXFrameworksBuildPhase section */
		DF4439C828F5D99D000066E1 /* Frameworks */ = {
			isa = PBXFrameworksBuildPhase;
			buildActionMask = 2147483647;
			files = (
				53182DBF83223CB43C870CFD /* Pods_UberSwift.framework in Frameworks */,
			);
			runOnlyForDeploymentPostprocessing = 0;
		};
/* End PBXFrameworksBuildPhase section */

/* Begin PBXGroup section */
		5B24961B77BC556874EC9EED /* Pods */ = {
			isa = PBXGroup;
			children = (
				D5277F2979D178B65714926B /* Pods-UberSwift.debug.xcconfig */,
				058F091EBC2A6FDE937C850E /* Pods-UberSwift.release.xcconfig */,
			);
			path = Pods;
			sourceTree = "<group>";
		};
		DF4439C228F5D99D000066E1 = {
			isa = PBXGroup;
			children = (
				DF4439CD28F5D99D000066E1 /* UberSwift */,
				DF4439CC28F5D99D000066E1 /* Products */,
				5B24961B77BC556874EC9EED /* Pods */,
				F17C3B290B3206300BD46A73 /* Frameworks */,
			);
			sourceTree = "<group>";
		};
		DF4439CC28F5D99D000066E1 /* Products */ = {
			isa = PBXGroup;
			children = (
				DF4439CB28F5D99D000066E1 /* UberSwift.app */,
			);
			name = Products;
			sourceTree = "<group>";
		};
		DF4439CD28F5D99D000066E1 /* UberSwift */ = {
			isa = PBXGroup;
			children = (
				DF4439E628F5D9C0000066E1 /* Model */,
				DF4439E528F5D9BC000066E1 /* View */,
				DF74202328F7365500830057 /* ViewModel */,
				DF4439E428F5D9B7000066E1 /* Controller */,
				DF4439E328F5D9B2000066E1 /* Service */,
				DF4439E228F5D9A7000066E1 /* Utils */,
				DFB2082928F827060029158D /* Resources */,
			);
			path = UberSwift;
			sourceTree = "<group>";
		};
		DF4439E228F5D9A7000066E1 /* Utils */ = {
			isa = PBXGroup;
			children = (
				DF4439EA28F5DBB6000066E1 /* Extensions.swift */,
			);
			path = Utils;
			sourceTree = "<group>";
		};
		DF4439E328F5D9B2000066E1 /* Service */ = {
			isa = PBXGroup;
			children = (
				DFC2A0FB28FE96120001892A /* Service.swift */,
				DFBD663128FF0DA000873D88 /* LocationHandler.swift */,
			);
			path = Service;
			sourceTree = "<group>";
		};
		DF4439E428F5D9B7000066E1 /* Controller */ = {
			isa = PBXGroup;
			children = (
				DF4439E728F5D9E2000066E1 /* Auth */,
				DF8717A428F95EAA00B32493 /* HomeViewController.swift */,
			);
			path = Controller;
			sourceTree = "<group>";
		};
		DF4439E528F5D9BC000066E1 /* View */ = {
			isa = PBXGroup;
			children = (
				DF74201E28F727D700830057 /* Auth */,
				DF8B0BC928FDD1F1007FB066 /* Location */,
			);
			path = View;
			sourceTree = "<group>";
		};
		DF4439E628F5D9C0000066E1 /* Model */ = {
			isa = PBXGroup;
			children = (
				DFC2A0FD28FE9F670001892A /* User.swift */,
				DF6DC94028FFEF4500A2C073 /* DriverAnnotation.swift */,
			);
			path = Model;
			sourceTree = "<group>";
		};
		DF4439E728F5D9E2000066E1 /* Auth */ = {
			isa = PBXGroup;
			children = (
				DF4439E828F5D9EF000066E1 /* LoginViewController.swift */,
				DFA5B2E128F6CE8D0024C92E /* RegisterViewController.swift */,
			);
			path = Auth;
			sourceTree = "<group>";
		};
		DF74201E28F727D700830057 /* Auth */ = {
			isa = PBXGroup;
			children = (
				DF74201F28F727E700830057 /* AuthField.swift */,
				DF74202128F7318800830057 /* AuthButton.swift */,
			);
			path = Auth;
			sourceTree = "<group>";
		};
		DF74202328F7365500830057 /* ViewModel */ = {
			isa = PBXGroup;
			children = (
				DF74202428F7367300830057 /* AuthViewModel.swift */,
			);
			path = ViewModel;
			sourceTree = "<group>";
		};
		DF8B0BC928FDD1F1007FB066 /* Location */ = {
			isa = PBXGroup;
			children = (
				DFCA4D2C28FC186900164F72 /* LocationInputActivationView.swift */,
				DFE5CD6628FD4A280003357B /* LocationInputView.swift */,
				DFDFE7CF28FDB64400E2B700 /* LocationTableViewCell.swift */,
				DF8B0BC628FDD1D7007FB066 /* LocationTableHeader.swift */,
			);
			path = Location;
			sourceTree = "<group>";
		};
		DFB2082928F827060029158D /* Resources */ = {
			isa = PBXGroup;
			children = (
				DF4439CE28F5D99D000066E1 /* AppDelegate.swift */,
				DF4439D028F5D99D000066E1 /* SceneDelegate.swift */,
				DF4439D728F5D99E000066E1 /* Assets.xcassets */,
				DF4439D928F5D99E000066E1 /* LaunchScreen.storyboard */,
				DFB2082628F826E50029158D /* GoogleService-Info.plist */,
				DF4439DC28F5D99E000066E1 /* Info.plist */,
			);
			path = Resources;
			sourceTree = "<group>";
		};
		F17C3B290B3206300BD46A73 /* Frameworks */ = {
			isa = PBXGroup;
			children = (
				EB1C033A1E6452039D1CC030 /* Pods_UberSwift.framework */,
			);
			name = Frameworks;
			sourceTree = "<group>";
		};
/* End PBXGroup section */

/* Begin PBXNativeTarget section */
		DF4439CA28F5D99D000066E1 /* UberSwift */ = {
			isa = PBXNativeTarget;
			buildConfigurationList = DF4439DF28F5D99E000066E1 /* Build configuration list for PBXNativeTarget "UberSwift" */;
			buildPhases = (
				5685CAE45276979F9447F0E0 /* [CP] Check Pods Manifest.lock */,
				DF4439C728F5D99D000066E1 /* Sources */,
				DF4439C828F5D99D000066E1 /* Frameworks */,
				DF4439C928F5D99D000066E1 /* Resources */,
				8C82E3AC512F8B7F494B3A52 /* [CP] Embed Pods Frameworks */,
			);
			buildRules = (
			);
			dependencies = (
			);
			name = UberSwift;
			productName = UberSwift;
			productReference = DF4439CB28F5D99D000066E1 /* UberSwift.app */;
			productType = "com.apple.product-type.application";
		};
/* End PBXNativeTarget section */

/* Begin PBXProject section */
		DF4439C328F5D99D000066E1 /* Project object */ = {
			isa = PBXProject;
			attributes = {
				BuildIndependentTargetsInParallel = 1;
				LastSwiftUpdateCheck = 1400;
				LastUpgradeCheck = 1400;
				TargetAttributes = {
					DF4439CA28F5D99D000066E1 = {
						CreatedOnToolsVersion = 14.0.1;
					};
				};
			};
			buildConfigurationList = DF4439C628F5D99D000066E1 /* Build configuration list for PBXProject "UberSwift" */;
			compatibilityVersion = "Xcode 14.0";
			developmentRegion = en;
			hasScannedForEncodings = 0;
			knownRegions = (
				en,
				Base,
			);
			mainGroup = DF4439C228F5D99D000066E1;
			productRefGroup = DF4439CC28F5D99D000066E1 /* Products */;
			projectDirPath = "";
			projectRoot = "";
			targets = (
				DF4439CA28F5D99D000066E1 /* UberSwift */,
			);
		};
/* End PBXProject section */

/* Begin PBXResourcesBuildPhase section */
		DF4439C928F5D99D000066E1 /* Resources */ = {
			isa = PBXResourcesBuildPhase;
			buildActionMask = 2147483647;
			files = (
				DF4439DB28F5D99E000066E1 /* LaunchScreen.storyboard in Resources */,
				DF4439D828F5D99E000066E1 /* Assets.xcassets in Resources */,
				DFB2082728F826E50029158D /* GoogleService-Info.plist in Resources */,
			);
			runOnlyForDeploymentPostprocessing = 0;
		};
/* End PBXResourcesBuildPhase section */

/* Begin PBXShellScriptBuildPhase section */
		5685CAE45276979F9447F0E0 /* [CP] Check Pods Manifest.lock */ = {
			isa = PBXShellScriptBuildPhase;
			buildActionMask = 2147483647;
			files = (
			);
			inputFileListPaths = (
			);
			inputPaths = (
				"${PODS_PODFILE_DIR_PATH}/Podfile.lock",
				"${PODS_ROOT}/Manifest.lock",
			);
			name = "[CP] Check Pods Manifest.lock";
			outputFileListPaths = (
			);
			outputPaths = (
				"$(DERIVED_FILE_DIR)/Pods-UberSwift-checkManifestLockResult.txt",
			);
			runOnlyForDeploymentPostprocessing = 0;
			shellPath = /bin/sh;
			shellScript = "diff \"${PODS_PODFILE_DIR_PATH}/Podfile.lock\" \"${PODS_ROOT}/Manifest.lock\" > /dev/null\nif [ $? != 0 ] ; then\n    # print error to STDERR\n    echo \"error: The sandbox is not in sync with the Podfile.lock. Run 'pod install' or update your CocoaPods installation.\" >&2\n    exit 1\nfi\n# This output is used by Xcode 'outputs' to avoid re-running this script phase.\necho \"SUCCESS\" > \"${SCRIPT_OUTPUT_FILE_0}\"\n";
			showEnvVarsInLog = 0;
		};
		8C82E3AC512F8B7F494B3A52 /* [CP] Embed Pods Frameworks */ = {
			isa = PBXShellScriptBuildPhase;
			buildActionMask = 2147483647;
			files = (
			);
			inputFileListPaths = (
				"${PODS_ROOT}/Target Support Files/Pods-UberSwift/Pods-UberSwift-frameworks-${CONFIGURATION}-input-files.xcfilelist",
			);
			name = "[CP] Embed Pods Frameworks";
			outputFileListPaths = (
				"${PODS_ROOT}/Target Support Files/Pods-UberSwift/Pods-UberSwift-frameworks-${CONFIGURATION}-output-files.xcfilelist",
			);
			runOnlyForDeploymentPostprocessing = 0;
			shellPath = /bin/sh;
			shellScript = "\"${PODS_ROOT}/Target Support Files/Pods-UberSwift/Pods-UberSwift-frameworks.sh\"\n";
			showEnvVarsInLog = 0;
		};
/* End PBXShellScriptBuildPhase section */

/* Begin PBXSourcesBuildPhase section */
		DF4439C728F5D99D000066E1 /* Sources */ = {
			isa = PBXSourcesBuildPhase;
			buildActionMask = 2147483647;
			files = (
				DFCA4D2D28FC186900164F72 /* LocationInputActivationView.swift in Sources */,
				DFC2A0FC28FE96120001892A /* Service.swift in Sources */,
				DF74202028F727E700830057 /* AuthField.swift in Sources */,
				DF6DC94128FFEF4500A2C073 /* DriverAnnotation.swift in Sources */,
				DF74202228F7318800830057 /* AuthButton.swift in Sources */,
				DF4439E928F5D9EF000066E1 /* LoginViewController.swift in Sources */,
				DF8B0BC728FDD1D7007FB066 /* LocationTableHeader.swift in Sources */,
				DFA5B2E228F6CE8D0024C92E /* RegisterViewController.swift in Sources */,
				DFBD663228FF0DA000873D88 /* LocationHandler.swift in Sources */,
				DF74202528F7367300830057 /* AuthViewModel.swift in Sources */,
				DFC2A0FE28FE9F670001892A /* User.swift in Sources */,
				DFDFE7D028FDB64400E2B700 /* LocationTableViewCell.swift in Sources */,
				DF8717A528F95EAA00B32493 /* HomeViewController.swift in Sources */,
				DF4439CF28F5D99D000066E1 /* AppDelegate.swift in Sources */,
				DF4439D128F5D99D000066E1 /* SceneDelegate.swift in Sources */,
				DF4439EB28F5DBB6000066E1 /* Extensions.swift in Sources */,
				DFE5CD6728FD4A280003357B /* LocationInputView.swift in Sources */,
			);
			runOnlyForDeploymentPostprocessing = 0;
		};
/* End PBXSourcesBuildPhase section */

/* Begin PBXVariantGroup section */
		DF4439D928F5D99E000066E1 /* LaunchScreen.storyboard */ = {
			isa = PBXVariantGroup;
			children = (
				DF4439DA28F5D99E000066E1 /* Base */,
			);
			name = LaunchScreen.storyboard;
			sourceTree = "<group>";
		};
/* End PBXVariantGroup section */

/* Begin XCBuildConfiguration section */
		DF4439DD28F5D99E000066E1 /* Debug */ = {
			isa = XCBuildConfiguration;
			buildSettings = {
				ALWAYS_SEARCH_USER_PATHS = NO;
				CLANG_ANALYZER_NONNULL = YES;
				CLANG_ANALYZER_NUMBER_OBJECT_CONVERSION = YES_AGGRESSIVE;
				CLANG_CXX_LANGUAGE_STANDARD = "gnu++20";
				CLANG_ENABLE_MODULES = YES;
				CLANG_ENABLE_OBJC_ARC = YES;
				CLANG_ENABLE_OBJC_WEAK = YES;
				CLANG_WARN_BLOCK_CAPTURE_AUTORELEASING = YES;
				CLANG_WARN_BOOL_CONVERSION = YES;
				CLANG_WARN_COMMA = YES;
				CLANG_WARN_CONSTANT_CONVERSION = YES;
				CLANG_WARN_DEPRECATED_OBJC_IMPLEMENTATIONS = YES;
				CLANG_WARN_DIRECT_OBJC_ISA_USAGE = YES_ERROR;
				CLANG_WARN_DOCUMENTATION_COMMENTS = YES;
				CLANG_WARN_EMPTY_BODY = YES;
				CLANG_WARN_ENUM_CONVERSION = YES;
				CLANG_WARN_INFINITE_RECURSION = YES;
				CLANG_WARN_INT_CONVERSION = YES;
				CLANG_WARN_NON_LITERAL_NULL_CONVERSION = YES;
				CLANG_WARN_OBJC_IMPLICIT_RETAIN_SELF = YES;
				CLANG_WARN_OBJC_LITERAL_CONVERSION = YES;
				CLANG_WARN_OBJC_ROOT_CLASS = YES_ERROR;
				CLANG_WARN_QUOTED_INCLUDE_IN_FRAMEWORK_HEADER = YES;
				CLANG_WARN_RANGE_LOOP_ANALYSIS = YES;
				CLANG_WARN_STRICT_PROTOTYPES = YES;
				CLANG_WARN_SUSPICIOUS_MOVE = YES;
				CLANG_WARN_UNGUARDED_AVAILABILITY = YES_AGGRESSIVE;
				CLANG_WARN_UNREACHABLE_CODE = YES;
				CLANG_WARN__DUPLICATE_METHOD_MATCH = YES;
				COPY_PHASE_STRIP = NO;
				DEBUG_INFORMATION_FORMAT = dwarf;
				ENABLE_STRICT_OBJC_MSGSEND = YES;
				ENABLE_TESTABILITY = YES;
				GCC_C_LANGUAGE_STANDARD = gnu11;
				GCC_DYNAMIC_NO_PIC = NO;
				GCC_NO_COMMON_BLOCKS = YES;
				GCC_OPTIMIZATION_LEVEL = 0;
				GCC_PREPROCESSOR_DEFINITIONS = (
					"DEBUG=1",
					"$(inherited)",
				);
				GCC_WARN_64_TO_32_BIT_CONVERSION = YES;
				GCC_WARN_ABOUT_RETURN_TYPE = YES_ERROR;
				GCC_WARN_UNDECLARED_SELECTOR = YES;
				GCC_WARN_UNINITIALIZED_AUTOS = YES_AGGRESSIVE;
				GCC_WARN_UNUSED_FUNCTION = YES;
				GCC_WARN_UNUSED_VARIABLE = YES;
				IPHONEOS_DEPLOYMENT_TARGET = 16.0;
				MTL_ENABLE_DEBUG_INFO = INCLUDE_SOURCE;
				MTL_FAST_MATH = YES;
				ONLY_ACTIVE_ARCH = YES;
				SDKROOT = iphoneos;
				SWIFT_ACTIVE_COMPILATION_CONDITIONS = DEBUG;
				SWIFT_OPTIMIZATION_LEVEL = "-Onone";
			};
			name = Debug;
		};
		DF4439DE28F5D99E000066E1 /* Release */ = {
			isa = XCBuildConfiguration;
			buildSettings = {
				ALWAYS_SEARCH_USER_PATHS = NO;
				CLANG_ANALYZER_NONNULL = YES;
				CLANG_ANALYZER_NUMBER_OBJECT_CONVERSION = YES_AGGRESSIVE;
				CLANG_CXX_LANGUAGE_STANDARD = "gnu++20";
				CLANG_ENABLE_MODULES = YES;
				CLANG_ENABLE_OBJC_ARC = YES;
				CLANG_ENABLE_OBJC_WEAK = YES;
				CLANG_WARN_BLOCK_CAPTURE_AUTORELEASING = YES;
				CLANG_WARN_BOOL_CONVERSION = YES;
				CLANG_WARN_COMMA = YES;
				CLANG_WARN_CONSTANT_CONVERSION = YES;
				CLANG_WARN_DEPRECATED_OBJC_IMPLEMENTATIONS = YES;
				CLANG_WARN_DIRECT_OBJC_ISA_USAGE = YES_ERROR;
				CLANG_WARN_DOCUMENTATION_COMMENTS = YES;
				CLANG_WARN_EMPTY_BODY = YES;
				CLANG_WARN_ENUM_CONVERSION = YES;
				CLANG_WARN_INFINITE_RECURSION = YES;
				CLANG_WARN_INT_CONVERSION = YES;
				CLANG_WARN_NON_LITERAL_NULL_CONVERSION = YES;
				CLANG_WARN_OBJC_IMPLICIT_RETAIN_SELF = YES;
				CLANG_WARN_OBJC_LITERAL_CONVERSION = YES;
				CLANG_WARN_OBJC_ROOT_CLASS = YES_ERROR;
				CLANG_WARN_QUOTED_INCLUDE_IN_FRAMEWORK_HEADER = YES;
				CLANG_WARN_RANGE_LOOP_ANALYSIS = YES;
				CLANG_WARN_STRICT_PROTOTYPES = YES;
				CLANG_WARN_SUSPICIOUS_MOVE = YES;
				CLANG_WARN_UNGUARDED_AVAILABILITY = YES_AGGRESSIVE;
				CLANG_WARN_UNREACHABLE_CODE = YES;
				CLANG_WARN__DUPLICATE_METHOD_MATCH = YES;
				COPY_PHASE_STRIP = NO;
				DEBUG_INFORMATION_FORMAT = "dwarf-with-dsym";
				ENABLE_NS_ASSERTIONS = NO;
				ENABLE_STRICT_OBJC_MSGSEND = YES;
				GCC_C_LANGUAGE_STANDARD = gnu11;
				GCC_NO_COMMON_BLOCKS = YES;
				GCC_WARN_64_TO_32_BIT_CONVERSION = YES;
				GCC_WARN_ABOUT_RETURN_TYPE = YES_ERROR;
				GCC_WARN_UNDECLARED_SELECTOR = YES;
				GCC_WARN_UNINITIALIZED_AUTOS = YES_AGGRESSIVE;
				GCC_WARN_UNUSED_FUNCTION = YES;
				GCC_WARN_UNUSED_VARIABLE = YES;
				IPHONEOS_DEPLOYMENT_TARGET = 16.0;
				MTL_ENABLE_DEBUG_INFO = NO;
				MTL_FAST_MATH = YES;
				SDKROOT = iphoneos;
				SWIFT_COMPILATION_MODE = wholemodule;
				SWIFT_OPTIMIZATION_LEVEL = "-O";
				VALIDATE_PRODUCT = YES;
			};
			name = Release;
		};
		DF4439E028F5D99E000066E1 /* Debug */ = {
			isa = XCBuildConfiguration;
			baseConfigurationReference = D5277F2979D178B65714926B /* Pods-UberSwift.debug.xcconfig */;
			buildSettings = {
				ASSETCATALOG_COMPILER_APPICON_NAME = AppIcon;
				ASSETCATALOG_COMPILER_GLOBAL_ACCENT_COLOR_NAME = AccentColor;
				CODE_SIGN_STYLE = Automatic;
				CURRENT_PROJECT_VERSION = 1;
				DEVELOPMENT_TEAM = UNQVQM5ZA2;
				GENERATE_INFOPLIST_FILE = YES;
				INFOPLIST_FILE = UberSwift/Resources/Info.plist;
				INFOPLIST_KEY_UIApplicationSupportsIndirectInputEvents = YES;
				INFOPLIST_KEY_UILaunchStoryboardName = LaunchScreen;
				INFOPLIST_KEY_UIMainStoryboardFile = "";
				INFOPLIST_KEY_UISupportedInterfaceOrientations_iPad = "UIInterfaceOrientationPortrait UIInterfaceOrientationPortraitUpsideDown UIInterfaceOrientationLandscapeLeft UIInterfaceOrientationLandscapeRight";
				INFOPLIST_KEY_UISupportedInterfaceOrientations_iPhone = "UIInterfaceOrientationPortrait UIInterfaceOrientationLandscapeLeft UIInterfaceOrientationLandscapeRight";
				LD_RUNPATH_SEARCH_PATHS = (
					"$(inherited)",
					"@executable_path/Frameworks",
				);
				MARKETING_VERSION = 1.0;
				PRODUCT_BUNDLE_IDENTIFIER = Practice.UberSwift;
				PRODUCT_NAME = "$(TARGET_NAME)";
				SWIFT_EMIT_LOC_STRINGS = YES;
				SWIFT_VERSION = 5.0;
				TARGETED_DEVICE_FAMILY = "1,2";
			};
			name = Debug;
		};
		DF4439E128F5D99E000066E1 /* Release */ = {
			isa = XCBuildConfiguration;
			baseConfigurationReference = 058F091EBC2A6FDE937C850E /* Pods-UberSwift.release.xcconfig */;
			buildSettings = {
				ASSETCATALOG_COMPILER_APPICON_NAME = AppIcon;
				ASSETCATALOG_COMPILER_GLOBAL_ACCENT_COLOR_NAME = AccentColor;
				CODE_SIGN_STYLE = Automatic;
				CURRENT_PROJECT_VERSION = 1;
				DEVELOPMENT_TEAM = UNQVQM5ZA2;
				GENERATE_INFOPLIST_FILE = YES;
				INFOPLIST_FILE = UberSwift/Resources/Info.plist;
				INFOPLIST_KEY_UIApplicationSupportsIndirectInputEvents = YES;
				INFOPLIST_KEY_UILaunchStoryboardName = LaunchScreen;
				INFOPLIST_KEY_UIMainStoryboardFile = "";
				INFOPLIST_KEY_UISupportedInterfaceOrientations_iPad = "UIInterfaceOrientationPortrait UIInterfaceOrientationPortraitUpsideDown UIInterfaceOrientationLandscapeLeft UIInterfaceOrientationLandscapeRight";
				INFOPLIST_KEY_UISupportedInterfaceOrientations_iPhone = "UIInterfaceOrientationPortrait UIInterfaceOrientationLandscapeLeft UIInterfaceOrientationLandscapeRight";
				LD_RUNPATH_SEARCH_PATHS = (
					"$(inherited)",
					"@executable_path/Frameworks",
				);
				MARKETING_VERSION = 1.0;
				PRODUCT_BUNDLE_IDENTIFIER = Practice.UberSwift;
				PRODUCT_NAME = "$(TARGET_NAME)";
				SWIFT_EMIT_LOC_STRINGS = YES;
				SWIFT_VERSION = 5.0;
				TARGETED_DEVICE_FAMILY = "1,2";
			};
			name = Release;
		};
/* End XCBuildConfiguration section */

/* Begin XCConfigurationList section */
		DF4439C628F5D99D000066E1 /* Build configuration list for PBXProject "UberSwift" */ = {
			isa = XCConfigurationList;
			buildConfigurations = (
				DF4439DD28F5D99E000066E1 /* Debug */,
				DF4439DE28F5D99E000066E1 /* Release */,
			);
			defaultConfigurationIsVisible = 0;
			defaultConfigurationName = Release;
		};
		DF4439DF28F5D99E000066E1 /* Build configuration list for PBXNativeTarget "UberSwift" */ = {
			isa = XCConfigurationList;
			buildConfigurations = (
				DF4439E028F5D99E000066E1 /* Debug */,
				DF4439E128F5D99E000066E1 /* Release */,
			);
			defaultConfigurationIsVisible = 0;
			defaultConfigurationName = Release;
		};
/* End XCConfigurationList section */
	};
	rootObject = DF4439C328F5D99D000066E1 /* Project object */;
}
